
Microsoft Visual Studio Solution File, Format Version 12.00
# Visual Studio Version 16
VisualStudioVersion = 16.0.31105.61
MinimumVisualStudioVersion = 10.0.40219.1
Project("{FAE04EC0-301F-11D3-BF4B-00C04F79EFBC}") = "Web.Console", "..\ArashCmsSolution\Web\Web.Console\Web.Console.csproj", "{E52BEEA1-274B-462B-BDFE-6ECC3BCCE00B}"
EndProject
Global
	GlobalSection(SolutionConfigurationPlatforms) = preSolution
		Debug|Any CPU = Debug|Any CPU
		Release|Any CPU = Release|Any CPU
	EndGlobalSection
	GlobalSection(ProjectConfigurationPlatforms) = postSolution
		{E52BEEA1-274B-462B-BDFE-6ECC3BCCE00B}.Debug|Any CPU.ActiveCfg = Debug|Any CPU
		{E52BEEA1-274B-462B-BDFE-6ECC3BCCE00B}.Debug|Any CPU.Build.0 = Debug|Any CPU
		{E52BEEA1-274B-462B-BDFE-6ECC3BCCE00B}.Release|Any CPU.ActiveCfg = Release|Any CPU
		{E52BEEA1-274B-462B-BDFE-6ECC3BCCE00B}.Release|Any CPU.Build.0 = Release|Any CPU
	EndGlobalSection
	GlobalSection(SolutionProperties) = preSolution
		HideSolutionNode = FALSE
	EndGlobalSection
	GlobalSection(ExtensibilityGlobals) = postSolution
		SolutionGuid = {B5134845-D8D1-4B71-BD34-D2BD6802D107}
	EndGlobalSection
EndGlobal
